github.com/mattn/go-sqlite3 v1.14.22 h1:2gZY6PC6kBnID23Tichd1K+Z0oS6nE/XwU+Vz/5o4kU=
github.com/mattn/go-sqlite3 v1.14.22/go.mod h1:Uh1q+B4BYcTPb+yiD3kU8Ct7aC0hY9fxUwlHK0RXw+Y=
github.com/sigurn/crc16 v0.0.0-20240131213347-83fcde1e29d1 h1:NVK+OqnavpyFmUiKfUMHrpvbCi2VFoWTrcpI7aDaJ2I=
github.com/sigurn/crc16 v0.0.0-20240131213347-83fcde1e29d1/go.mod h1:9/etS5gpQq9BJsJMWg1wpLbfuSnkm8dPF6FdW2JXVhA=
github.com/varokas/tis620 v0.0.0-20150423070520-3d162af2a2ad h1:xiqDjs3zgPBqXwEtjQQv6mk2+QrD1LRHBuRQ0oOi7dQ=
github.com/varokas/tis620 v0.0.0-20150423070520-3d162af2a2ad/go.mod h1:amyplNIeBZWBeULsZWF9mwQUq+k2ua1sMHhvZjHDyrY=
golang.org/x/text v0.16.0 h1:a94ExnEXNtEwYLGJSIUxnWoxoRz/ZcCsV63ROupILh4=
golang.org/x/text v0.16.0/go.mod h1:GhwF1Be+LQoKShO3cGOHzqOgRrGaYc9AvblQOmPVHnI=
